// !$*UTF8*$!
{
	archiveVersion = 1;
	classes = {
	};
	objectVersion = 46;
	objects = {

/* Begin PBXBuildFile section */
		04204D331CD5204400F744CD /* main.m in Sources */ = {isa = PBXBuildFile; fileRef = 04204D321CD5204400F744CD /* main.m */; };
		04204D361CD5204400F744CD /* AppDelegate.m in Sources */ = {isa = PBXBuildFile; fileRef = 04204D351CD5204400F744CD /* AppDelegate.m */; };
		04204D3E1CD5204400F744CD /* Assets.xcassets in Resources */ = {isa = PBXBuildFile; fileRef = 04204D3D1CD5204400F744CD /* Assets.xcassets */; };
		04204D411CD5204400F744CD /* LaunchScreen.storyboard in Resources */ = {isa = PBXBuildFile; fileRef = 04204D3F1CD5204400F744CD /* LaunchScreen.storyboard */; };
		04204D4B1CD5224300F744CD /* HMLoginController.m in Sources */ = {isa = PBXBuildFile; fileRef = 04204D4A1CD5224300F744CD /* HMLoginController.m */; };
		04204D4E1CD5226F00F744CD /* HMListController.m in Sources */ = {isa = PBXBuildFile; fileRef = 04204D4D1CD5226F00F744CD /* HMListController.m */; };
		04204D511CD5228F00F744CD /* HMAddController.m in Sources */ = {isa = PBXBuildFile; fileRef = 04204D501CD5228F00F744CD /* HMAddController.m */; };
		04204D541CD522A100F744CD /* HMEditController.m in Sources */ = {isa = PBXBuildFile; fileRef = 04204D531CD522A100F744CD /* HMEditController.m */; };
		04204D6F1CD5315600F744CD /* MASCompositeConstraint.m in Sources */ = {isa = PBXBuildFile; fileRef = 04204D571CD5315600F744CD /* MASCompositeConstraint.m */; };
		04204D701CD5315600F744CD /* MASConstraint.m in Sources */ = {isa = PBXBuildFile; fileRef = 04204D5A1CD5315600F744CD /* MASConstraint.m */; };
		04204D711CD5315600F744CD /* MASConstraintMaker.m in Sources */ = {isa = PBXBuildFile; fileRef = 04204D5C1CD5315600F744CD /* MASConstraintMaker.m */; };
		04204D721CD5315600F744CD /* MASLayoutConstraint.m in Sources */ = {isa = PBXBuildFile; fileRef = 04204D5E1CD5315600F744CD /* MASLayoutConstraint.m */; };
		04204D731CD5315600F744CD /* MASViewAttribute.m in Sources */ = {isa = PBXBuildFile; fileRef = 04204D621CD5315600F744CD /* MASViewAttribute.m */; };
		04204D741CD5315600F744CD /* MASViewConstraint.m in Sources */ = {isa = PBXBuildFile; fileRef = 04204D641CD5315600F744CD /* MASViewConstraint.m */; };
		04204D751CD5315600F744CD /* NSArray+MASAdditions.m in Sources */ = {isa = PBXBuildFile; fileRef = 04204D661CD5315600F744CD /* NSArray+MASAdditions.m */; };
		04204D761CD5315600F744CD /* NSLayoutConstraint+MASDebugAdditions.m in Sources */ = {isa = PBXBuildFile; fileRef = 04204D691CD5315600F744CD /* NSLayoutConstraint+MASDebugAdditions.m */; };
		04204D771CD5315600F744CD /* View+MASAdditions.m in Sources */ = {isa = PBXBuildFile; fileRef = 04204D6B1CD5315600F744CD /* View+MASAdditions.m */; };
		04204D781CD5315600F744CD /* ViewController+MASAdditions.m in Sources */ = {isa = PBXBuildFile; fileRef = 04204D6E1CD5315600F744CD /* ViewController+MASAdditions.m */; };
		04204D7F1CD533F600F744CD /* MBProgressHUD.bundle in Resources */ = {isa = PBXBuildFile; fileRef = 04204D7C1CD533F600F744CD /* MBProgressHUD.bundle */; };
		04204D801CD533F600F744CD /* MBProgressHUD.m in Sources */ = {isa = PBXBuildFile; fileRef = 04204D7E1CD533F600F744CD /* MBProgressHUD.m */; };
/* End PBXBuildFile section */

/* Begin PBXFileReference section */
		04204D2E1CD5204400F744CD /* 微信电话本(纯代码版).app */ = {isa = PBXFileReference; explicitFileType = wrapper.application; includeInIndex = 0; path = "微信电话本(纯代码版).app"; sourceTree = BUILT_PRODUCTS_DIR; };
		04204D321CD5204400F744CD /* main.m */ = {isa = PBXFileReference; lastKnownFileType = sourcecode.c.objc; path = main.m; sourceTree = "<group>"; };
		04204D341CD5204400F744CD /* AppDelegate.h */ = {isa = PBXFileReference; lastKnownFileType = sourcecode.c.h; path = AppDelegate.h; sourceTree = "<group>"; };
		04204D351CD5204400F744CD /* AppDelegate.m */ = {isa = PBXFileReference; lastKnownFileType = sourcecode.c.objc; path = AppDelegate.m; sourceTree = "<group>"; };
		04204D3D1CD5204400F744CD /* Assets.xcassets */ = {isa = PBXFileReference; lastKnownFileType = folder.assetcatalog; path = Assets.xcassets; sourceTree = "<group>"; };
		04204D401CD5204400F744CD /* Base */ = {isa = PBXFileReference; lastKnownFileType = file.storyboard; name = Base; path = Base.lproj/LaunchScreen.storyboard; sourceTree = "<group>"; };
		04204D421CD5204400F744CD /* Info.plist */ = {isa = PBXFileReference; lastKnownFileType = text.plist.xml; path = Info.plist; sourceTree = "<group>"; };
		04204D491CD5224300F744CD /* HMLoginController.h */ = {isa = PBXFileReference; fileEncoding = 4; lastKnownFileType = sourcecode.c.h; path = HMLoginController.h; sourceTree = "<group>"; };
		04204D4A1CD5224300F744CD /* HMLoginController.m */ = {isa = PBXFileReference; fileEncoding = 4; lastKnownFileType = sourcecode.c.objc; path = HMLoginController.m; sourceTree = "<group>"; };
		04204D4C1CD5226F00F744CD /* HMListController.h */ = {isa = PBXFileReference; fileEncoding = 4; lastKnownFileType = sourcecode.c.h; path = HMListController.h; sourceTree = "<group>"; };
		04204D4D1CD5226F00F744CD /* HMListController.m */ = {isa = PBXFileReference; fileEncoding = 4; lastKnownFileType = sourcecode.c.objc; path = HMListController.m; sourceTree = "<group>"; };
		04204D4F1CD5228F00F744CD /* HMAddController.h */ = {isa = PBXFileReference; fileEncoding = 4; lastKnownFileType = sourcecode.c.h; path = HMAddController.h; sourceTree = "<group>"; };
		04204D501CD5228F00F744CD /* HMAddController.m */ = {isa = PBXFileReference; fileEncoding = 4; lastKnownFileType = sourcecode.c.objc; path = HMAddController.m; sourceTree = "<group>"; };
		04204D521CD522A100F744CD /* HMEditController.h */ = {isa = PBXFileReference; fileEncoding = 4; lastKnownFileType = sourcecode.c.h; path = HMEditController.h; sourceTree = "<group>"; };
		04204D531CD522A100F744CD /* HMEditController.m */ = {isa = PBXFileReference; fileEncoding = 4; lastKnownFileType = sourcecode.c.objc; path = HMEditController.m; sourceTree = "<group>"; };
		04204D561CD5315600F744CD /* MASCompositeConstraint.h */ = {isa = PBXFileReference; fileEncoding = 4; lastKnownFileType = sourcecode.c.h; path = MASCompositeConstraint.h; sourceTree = "<group>"; };
		04204D571CD5315600F744CD /* MASCompositeConstraint.m */ = {isa = PBXFileReference; fileEncoding = 4; lastKnownFileType = sourcecode.c.objc; path = MASCompositeConstraint.m; sourceTree = "<group>"; };
		04204D581CD5315600F744CD /* MASConstraint+Private.h */ = {isa = PBXFileReference; fileEncoding = 4; lastKnownFileType = sourcecode.c.h; path = "MASConstraint+Private.h"; sourceTree = "<group>"; };
		04204D591CD5315600F744CD /* MASConstraint.h */ = {isa = PBXFileReference; fileEncoding = 4; lastKnownFileType = sourcecode.c.h; path = MASConstraint.h; sourceTree = "<group>"; };
		04204D5A1CD5315600F744CD /* MASConstraint.m */ = {isa = PBXFileReference; fileEncoding = 4; lastKnownFileType = sourcecode.c.objc; path = MASConstraint.m; sourceTree = "<group>"; };
		04204D5B1CD5315600F744CD /* MASConstraintMaker.h */ = {isa = PBXFileReference; fileEncoding = 4; lastKnownFileType = sourcecode.c.h; path = MASConstraintMaker.h; sourceTree = "<group>"; };
		04204D5C1CD5315600F744CD /* MASConstraintMaker.m */ = {isa = PBXFileReference; fileEncoding = 4; lastKnownFileType = sourcecode.c.objc; path = MASConstraintMaker.m; sourceTree = "<group>"; };
		04204D5D1CD5315600F744CD /* MASLayoutConstraint.h */ = {isa = PBXFileReference; fileEncoding = 4; lastKnownFileType = sourcecode.c.h; path = MASLayoutConstraint.h; sourceTree = "<group>"; };
		04204D5E1CD5315600F744CD /* MASLayoutConstraint.m */ = {isa = PBXFileReference; fileEncoding = 4; lastKnownFileType = sourcecode.c.objc; path = MASLayoutConstraint.m; sourceTree = "<group>"; };
		04204D5F1CD5315600F744CD /* Masonry.h */ = {isa = PBXFileReference; fileEncoding = 4; lastKnownFileType = sourcecode.c.h; path = Masonry.h; sourceTree = "<group>"; };
		04204D601CD5315600F744CD /* MASUtilities.h */ = {isa = PBXFileReference; fileEncoding = 4; lastKnownFileType = sourcecode.c.h; path = MASUtilities.h; sourceTree = "<group>"; };
		04204D611CD5315600F744CD /* MASViewAttribute.h */ = {isa = PBXFileReference; fileEncoding = 4; lastKnownFileType = sourcecode.c.h; path = MASViewAttribute.h; sourceTree = "<group>"; };
		04204D621CD5315600F744CD /* MASViewAttribute.m */ = {isa = PBXFileReference; fileEncoding = 4; lastKnownFileType = sourcecode.c.objc; path = MASViewAttribute.m; sourceTree = "<group>"; };
		04204D631CD5315600F744CD /* MASViewConstraint.h */ = {isa = PBXFileReference; fileEncoding = 4; lastKnownFileType = sourcecode.c.h; path = MASViewConstraint.h; sourceTree = "<group>"; };
		04204D641CD5315600F744CD /* MASViewConstraint.m */ = {isa = PBXFileReference; fileEncoding = 4; lastKnownFileType = sourcecode.c.objc; path = MASViewConstraint.m; sourceTree = "<group>"; };
		04204D651CD5315600F744CD /* NSArray+MASAdditions.h */ = {isa = PBXFileReference; fileEncoding = 4; lastKnownFileType = sourcecode.c.h; path = "NSArray+MASAdditions.h"; sourceTree = "<group>"; };
		04204D661CD5315600F744CD /* NSArray+MASAdditions.m */ = {isa = PBXFileReference; fileEncoding = 4; lastKnownFileType = sourcecode.c.objc; path = "NSArray+MASAdditions.m"; sourceTree = "<group>"; };
		04204D671CD5315600F744CD /* NSArray+MASShorthandAdditions.h */ = {isa = PBXFileReference; fileEncoding = 4; lastKnownFileType = sourcecode.c.h; path = "NSArray+MASShorthandAdditions.h"; sourceTree = "<group>"; };
		04204D681CD5315600F744CD /* NSLayoutConstraint+MASDebugAdditions.h */ = {isa = PBXFileReference; fileEncoding = 4; lastKnownFileType = sourcecode.c.h; path = "NSLayoutConstraint+MASDebugAdditions.h"; sourceTree = "<group>"; };
		04204D691CD5315600F744CD /* NSLayoutConstraint+MASDebugAdditions.m */ = {isa = PBXFileReference; fileEncoding = 4; lastKnownFileType = sourcecode.c.objc; path = "NSLayoutConstraint+MASDebugAdditions.m"; sourceTree = "<group>"; };
		04204D6A1CD5315600F744CD /* View+MASAdditions.h */ = {isa = PBXFileReference; fileEncoding = 4; lastKnownFileType = sourcecode.c.h; path = "View+MASAdditions.h"; sourceTree = "<group>"; };
		04204D6B1CD5315600F744CD /* View+MASAdditions.m */ = {isa = PBXFileReference; fileEncoding = 4; lastKnownFileType = sourcecode.c.objc; path = "View+MASAdditions.m"; sourceTree = "<group>"; };
		04204D6C1CD5315600F744CD /* View+MASShorthandAdditions.h */ = {isa = PBXFileReference; fileEncoding = 4; lastKnownFileType = sourcecode.c.h; path = "View+MASShorthandAdditions.h"; sourceTree = "<group>"; };
		04204D6D1CD5315600F744CD /* ViewController+MASAdditions.h */ = {isa = PBXFileReference; fileEncoding = 4; lastKnownFileType = sourcecode.c.h; path = "ViewController+MASAdditions.h"; sourceTree = "<group>"; };
		04204D6E1CD5315600F744CD /* ViewController+MASAdditions.m */ = {isa = PBXFileReference; fileEncoding = 4; lastKnownFileType = sourcecode.c.objc; path = "ViewController+MASAdditions.m"; sourceTree = "<group>"; };
		04204D791CD5318200F744CD /* PrefixHeader.pch */ = {isa = PBXFileReference; fileEncoding = 4; lastKnownFileType = sourcecode.c.h; path = PrefixHeader.pch; sourceTree = "<group>"; };
		04204D7C1CD533F600F744CD /* MBProgressHUD.bundle */ = {isa = PBXFileReference; lastKnownFileType = "wrapper.plug-in"; path = MBProgressHUD.bundle; sourceTree = "<group>"; };
		04204D7D1CD533F600F744CD /* MBProgressHUD.h */ = {isa = PBXFileReference; fileEncoding = 4; lastKnownFileType = sourcecode.c.h; path = MBProgressHUD.h; sourceTree = "<group>"; };
		04204D7E1CD533F600F744CD /* MBProgressHUD.m */ = {isa = PBXFileReference; fileEncoding = 4; lastKnownFileType = sourcecode.c.objc; path = MBProgressHUD.m; sourceTree = "<group>"; };
/* End PBXFileReference section */

/* Begin PBXFrameworksBuildPhase section */
		04204D2B1CD5204400F744CD /* Frameworks */ = {
			isa = PBXFrameworksBuildPhase;
			buildActionMask = 2147483647;
			files = (
			);
			runOnlyForDeploymentPostprocessing = 0;
		};
/* End PBXFrameworksBuildPhase section */

/* Begin PBXGroup section */
		0413BAAF1CD5DE090092640B /* View */ = {
			isa = PBXGroup;
			children = (
			);
			name = View;
			sourceTree = "<group>";
		};
		0413BAB01CD5DE100092640B /* Model */ = {
			isa = PBXGroup;
			children = (
			);
			name = Model;
			sourceTree = "<group>";
		};
		0413BAB11CD5DE3F0092640B /* Classes */ = {
			isa = PBXGroup;
			children = (
				0413BAB01CD5DE100092640B /* Model */,
				0413BAAF1CD5DE090092640B /* View */,
				04204D481CD521EF00F744CD /* Controller */,
			);
			name = Classes;
			sourceTree = "<group>";
		};
		04204D251CD5204300F744CD = {
			isa = PBXGroup;
			children = (
				04204D301CD5204400F744CD /* 微信电话本(纯代码版) */,
				04204D2F1CD5204400F744CD /* Products */,
			);
			sourceTree = "<group>";
		};
		04204D2F1CD5204400F744CD /* Products */ = {
			isa = PBXGroup;
			children = (
				04204D2E1CD5204400F744CD /* 微信电话本(纯代码版).app */,
			);
			name = Products;
			sourceTree = "<group>";
		};
		04204D301CD5204400F744CD /* 微信电话本(纯代码版) */ = {
			isa = PBXGroup;
			children = (
				04204D811CD5343E00F744CD /* Lib */,
				04204D7A1CD5319B00F744CD /* Other */,
				0413BAB11CD5DE3F0092640B /* Classes */,
				04204D311CD5204400F744CD /* Supporting Files */,
			);
			path = "微信电话本(纯代码版)";
			sourceTree = "<group>";
		};
		04204D311CD5204400F744CD /* Supporting Files */ = {
			isa = PBXGroup;
			children = (
				04204D3D1CD5204400F744CD /* Assets.xcassets */,
				04204D3F1CD5204400F744CD /* LaunchScreen.storyboard */,
				04204D421CD5204400F744CD /* Info.plist */,
				04204D791CD5318200F744CD /* PrefixHeader.pch */,
				04204D321CD5204400F744CD /* main.m */,
			);
			name = "Supporting Files";
			sourceTree = "<group>";
		};
		04204D481CD521EF00F744CD /* Controller */ = {
			isa = PBXGroup;
			children = (
				04204D491CD5224300F744CD /* HMLoginController.h */,
				04204D4A1CD5224300F744CD /* HMLoginController.m */,
				04204D4C1CD5226F00F744CD /* HMListController.h */,
				04204D4D1CD5226F00F744CD /* HMListController.m */,
				04204D4F1CD5228F00F744CD /* HMAddController.h */,
				04204D501CD5228F00F744CD /* HMAddController.m */,
				04204D521CD522A100F744CD /* HMEditController.h */,
				04204D531CD522A100F744CD /* HMEditController.m */,
			);
			name = Controller;
			sourceTree = "<group>";
		};
		04204D551CD5315600F744CD /* Masonry */ = {
			isa = PBXGroup;
			children = (
				04204D561CD5315600F744CD /* MASCompositeConstraint.h */,
				04204D571CD5315600F744CD /* MASCompositeConstraint.m */,
				04204D581CD5315600F744CD /* MASConstraint+Private.h */,
				04204D591CD5315600F744CD /* MASConstraint.h */,
				04204D5A1CD5315600F744CD /* MASConstraint.m */,
				04204D5B1CD5315600F744CD /* MASConstraintMaker.h */,
				04204D5C1CD5315600F744CD /* MASConstraintMaker.m */,
				04204D5D1CD5315600F744CD /* MASLayoutConstraint.h */,
				04204D5E1CD5315600F744CD /* MASLayoutConstraint.m */,
				04204D5F1CD5315600F744CD /* Masonry.h */,
				04204D601CD5315600F744CD /* MASUtilities.h */,
				04204D611CD5315600F744CD /* MASViewAttribute.h */,
				04204D621CD5315600F744CD /* MASViewAttribute.m */,
				04204D631CD5315600F744CD /* MASViewConstraint.h */,
				04204D641CD5315600F744CD /* MASViewConstraint.m */,
				04204D651CD5315600F744CD /* NSArray+MASAdditions.h */,
				04204D661CD5315600F744CD /* NSArray+MASAdditions.m */,
				04204D671CD5315600F744CD /* NSArray+MASShorthandAdditions.h */,
				04204D681CD5315600F744CD /* NSLayoutConstraint+MASDebugAdditions.h */,
				04204D691CD5315600F744CD /* NSLayoutConstraint+MASDebugAdditions.m */,
				04204D6A1CD5315600F744CD /* View+MASAdditions.h */,
				04204D6B1CD5315600F744CD /* View+MASAdditions.m */,
				04204D6C1CD5315600F744CD /* View+MASShorthandAdditions.h */,
				04204D6D1CD5315600F744CD /* ViewController+MASAdditions.h */,
				04204D6E1CD5315600F744CD /* ViewController+MASAdditions.m */,
			);
			path = Masonry;
			sourceTree = "<group>";
		};
		04204D7A1CD5319B00F744CD /* Other */ = {
			isa = PBXGroup;
			children = (
				04204D341CD5204400F744CD /* AppDelegate.h */,
				04204D351CD5204400F744CD /* AppDelegate.m */,
			);
			name = Other;
			sourceTree = "<group>";
		};
		04204D7B1CD533F600F744CD /* MBProgressHUD */ = {
			isa = PBXGroup;
			children = (
				04204D7C1CD533F600F744CD /* MBProgressHUD.bundle */,
				04204D7D1CD533F600F744CD /* MBProgressHUD.h */,
				04204D7E1CD533F600F744CD /* MBProgressHUD.m */,
			);
			path = MBProgressHUD;
			sourceTree = "<group>";
		};
		04204D811CD5343E00F744CD /* Lib */ = {
			isa = PBXGroup;
			children = (
				04204D7B1CD533F600F744CD /* MBProgressHUD */,
				04204D551CD5315600F744CD /* Masonry */,
			);
			name = Lib;
			sourceTree = "<group>";
		};
/* End PBXGroup section */

/* Begin PBXNativeTarget section */
		04204D2D1CD5204400F744CD /* 微信电话本(纯代码版) */ = {
			isa = PBXNativeTarget;
			buildConfigurationList = 04204D451CD5204400F744CD /* Build configuration list for PBXNativeTarget "微信电话本(纯代码版)" */;
			buildPhases = (
				04204D2A1CD5204400F744CD /* Sources */,
				04204D2B1CD5204400F744CD /* Frameworks */,
				04204D2C1CD5204400F744CD /* Resources */,
			);
			buildRules = (
			);
			dependencies = (
			);
			name = "微信电话本(纯代码版)";
			productName = "微信电话本(纯代码版)";
			productReference = 04204D2E1CD5204400F744CD /* 微信电话本(纯代码版).app */;
			productType = "com.apple.product-type.application";
		};
/* End PBXNativeTarget section */

/* Begin PBXProject section */
		04204D261CD5204300F744CD /* Project object */ = {
			isa = PBXProject;
			attributes = {
				LastUpgradeCheck = 0720;
				ORGANIZATIONNAME = itheima;
				TargetAttributes = {
					04204D2D1CD5204400F744CD = {
						CreatedOnToolsVersion = 7.2;
					};
				};
			};
			buildConfigurationList = 04204D291CD5204300F744CD /* Build configuration list for PBXProject "微信电话本(纯代码版)" */;
			compatibilityVersion = "Xcode 3.2";
			developmentRegion = English;
			hasScannedForEncodings = 0;
			knownRegions = (
				en,
				Base,
			);
			mainGroup = 04204D251CD5204300F744CD;
			productRefGroup = 04204D2F1CD5204400F744CD /* Products */;
			projectDirPath = "";
			projectRoot = "";
			targets = (
				04204D2D1CD5204400F744CD /* 微信电话本(纯代码版) */,
			);
		};
/* End PBXProject section */

/* Begin PBXResourcesBuildPhase section */
		04204D2C1CD5204400F744CD /* Resources */ = {
			isa = PBXResourcesBuildPhase;
			buildActionMask = 2147483647;
			files = (
				04204D411CD5204400F744CD /* LaunchScreen.storyboard in Resources */,
				04204D3E1CD5204400F744CD /* Assets.xcassets in Resources */,
				04204D7F1CD533F600F744CD /* MBProgressHUD.bundle in Resources */,
			);
			runOnlyForDeploymentPostprocessing = 0;
		};
/* End PBXResourcesBuildPhase section */

/* Begin PBXSourcesBuildPhase section */
		04204D2A1CD5204400F744CD /* Sources */ = {
			isa = PBXSourcesBuildPhase;
			buildActionMask = 2147483647;
			files = (
				04204D701CD5315600F744CD /* MASConstraint.m in Sources */,
				04204D731CD5315600F744CD /* MASViewAttribute.m in Sources */,
				04204D781CD5315600F744CD /* ViewController+MASAdditions.m in Sources */,
				04204D751CD5315600F744CD /* NSArray+MASAdditions.m in Sources */,
				04204D541CD522A100F744CD /* HMEditController.m in Sources */,
				04204D741CD5315600F744CD /* MASViewConstraint.m in Sources */,
				04204D721CD5315600F744CD /* MASLayoutConstraint.m in Sources */,
				04204D801CD533F600F744CD /* MBProgressHUD.m in Sources */,
				04204D361CD5204400F744CD /* AppDelegate.m in Sources */,
				04204D331CD5204400F744CD /* main.m in Sources */,
				04204D771CD5315600F744CD /* View+MASAdditions.m in Sources */,
				04204D6F1CD5315600F744CD /* MASCompositeConstraint.m in Sources */,
				04204D761CD5315600F744CD /* NSLayoutConstraint+MASDebugAdditions.m in Sources */,
				04204D711CD5315600F744CD /* MASConstraintMaker.m in Sources */,
				04204D4E1CD5226F00F744CD /* HMListController.m in Sources */,
				04204D511CD5228F00F744CD /* HMAddController.m in Sources */,
				04204D4B1CD5224300F744CD /* HMLoginController.m in Sources */,
			);
			runOnlyForDeploymentPostprocessing = 0;
		};
/* End PBXSourcesBuildPhase section */

/* Begin PBXVariantGroup section */
		04204D3F1CD5204400F744CD /* LaunchScreen.storyboard */ = {
			isa = PBXVariantGroup;
			children = (
				04204D401CD5204400F744CD /* Base */,
			);
			name = LaunchScreen.storyboard;
			sourceTree = "<group>";
		};
/* End PBXVariantGroup section */

/* Begin XCBuildConfiguration section */
		04204D431CD5204400F744CD /* Debug */ = {
			isa = XCBuildConfiguration;
			buildSettings = {
				ALWAYS_SEARCH_USER_PATHS = NO;
				CLANG_CXX_LANGUAGE_STANDARD = "gnu++0x";
				CLANG_CXX_LIBRARY = "libc++";
				CLANG_ENABLE_MODULES = YES;
				CLANG_ENABLE_OBJC_ARC = YES;
				CLANG_WARN_BOOL_CONVERSION = YES;
				CLANG_WARN_CONSTANT_CONVERSION = YES;
				CLANG_WARN_DIRECT_OBJC_ISA_USAGE = YES_ERROR;
				CLANG_WARN_EMPTY_BODY = YES;
				CLANG_WARN_ENUM_CONVERSION = YES;
				CLANG_WARN_INT_CONVERSION = YES;
				CLANG_WARN_OBJC_ROOT_CLASS = YES_ERROR;
				CLANG_WARN_UNREACHABLE_CODE = YES;
				CLANG_WARN__DUPLICATE_METHOD_MATCH = YES;
				"CODE_SIGN_IDENTITY[sdk=iphoneos*]" = "iPhone Developer";
				COPY_PHASE_STRIP = NO;
				DEBUG_INFORMATION_FORMAT = dwarf;
				ENABLE_STRICT_OBJC_MSGSEND = YES;
				ENABLE_TESTABILITY = YES;
				GCC_C_LANGUAGE_STANDARD = gnu99;
				GCC_DYNAMIC_NO_PIC = NO;
				GCC_NO_COMMON_BLOCKS = YES;
				GCC_OPTIMIZATION_LEVEL = 0;
				GCC_PREPROCESSOR_DEFINITIONS = (
					"DEBUG=1",
					"$(inherited)",
				);
				GCC_WARN_64_TO_32_BIT_CONVERSION = YES;
				GCC_WARN_ABOUT_RETURN_TYPE = YES_ERROR;
				GCC_WARN_UNDECLARED_SELECTOR = YES;
				GCC_WARN_UNINITIALIZED_AUTOS = YES_AGGRESSIVE;
				GCC_WARN_UNUSED_FUNCTION = YES;
				GCC_WARN_UNUSED_VARIABLE = YES;
				IPHONEOS_DEPLOYMENT_TARGET = 9.2;
				MTL_ENABLE_DEBUG_INFO = YES;
				ONLY_ACTIVE_ARCH = YES;
				SDKROOT = iphoneos;
				TARGETED_DEVICE_FAMILY = "1,2";
			};
			name = Debug;
		};
		04204D441CD5204400F744CD /* Release */ = {
			isa = XCBuildConfiguration;
			buildSettings = {
				ALWAYS_SEARCH_USER_PATHS = NO;
				CLANG_CXX_LANGUAGE_STANDARD = "gnu++0x";
				CLANG_CXX_LIBRARY = "libc++";
				CLANG_ENABLE_MODULES = YES;
				CLANG_ENABLE_OBJC_ARC = YES;
				CLANG_WARN_BOOL_CONVERSION = YES;
				CLANG_WARN_CONSTANT_CONVERSION = YES;
				CLANG_WARN_DIRECT_OBJC_ISA_USAGE = YES_ERROR;
				CLANG_WARN_EMPTY_BODY = YES;
				CLANG_WARN_ENUM_CONVERSION = YES;
				CLANG_WARN_INT_CONVERSION = YES;
				CLANG_WARN_OBJC_ROOT_CLASS = YES_ERROR;
				CLANG_WARN_UNREACHABLE_CODE = YES;
				CLANG_WARN__DUPLICATE_METHOD_MATCH = YES;
				"CODE_SIGN_IDENTITY[sdk=iphoneos*]" = "iPhone Developer";
				COPY_PHASE_STRIP = NO;
				DEBUG_INFORMATION_FORMAT = "dwarf-with-dsym";
				ENABLE_NS_ASSERTIONS = NO;
				ENABLE_STRICT_OBJC_MSGSEND = YES;
				GCC_C_LANGUAGE_STANDARD = gnu99;
				GCC_NO_COMMON_BLOCKS = YES;
				GCC_WARN_64_TO_32_BIT_CONVERSION = YES;
				GCC_WARN_ABOUT_RETURN_TYPE = YES_ERROR;
				GCC_WARN_UNDECLARED_SELECTOR = YES;
				GCC_WARN_UNINITIALIZED_AUTOS = YES_AGGRESSIVE;
				GCC_WARN_UNUSED_FUNCTION = YES;
				GCC_WARN_UNUSED_VARIABLE = YES;
				IPHONEOS_DEPLOYMENT_TARGET = 9.2;
				MTL_ENABLE_DEBUG_INFO = NO;
				SDKROOT = iphoneos;
				TARGETED_DEVICE_FAMILY = "1,2";
				VALIDATE_PRODUCT = YES;
			};
			name = Release;
		};
		04204D461CD5204400F744CD /* Debug */ = {
			isa = XCBuildConfiguration;
			buildSettings = {
				ASSETCATALOG_COMPILER_APPICON_NAME = AppIcon;
				ASSETCATALOG_COMPILER_LAUNCHIMAGE_NAME = "Brand Assets";
				GCC_PREFIX_HEADER = "./微信电话本(纯代码版)/PrefixHeader.pch";
				INFOPLIST_FILE = "微信电话本(纯代码版)/Info.plist";
				LD_RUNPATH_SEARCH_PATHS = "$(inherited) @executable_path/Frameworks";
				PRODUCT_BUNDLE_IDENTIFIER = "com.itheima.-----------";
				PRODUCT_NAME = "$(TARGET_NAME)";
			};
			name = Debug;
		};
		04204D471CD5204400F744CD /* Release */ = {
			isa = XCBuildConfiguration;
			buildSettings = {
				ASSETCATALOG_COMPILER_APPICON_NAME = AppIcon;
				ASSETCATALOG_COMPILER_LAUNCHIMAGE_NAME = "Brand Assets";
				GCC_PREFIX_HEADER = "./微信电话本(纯代码版)/PrefixHeader.pch";
				INFOPLIST_FILE = "微信电话本(纯代码版)/Info.plist";
				LD_RUNPATH_SEARCH_PATHS = "$(inherited) @executable_path/Frameworks";
				PRODUCT_BUNDLE_IDENTIFIER = "com.itheima.-----------";
				PRODUCT_NAME = "$(TARGET_NAME)";
			};
			name = Release;
		};
/* End XCBuildConfiguration section */

/* Begin XCConfigurationList section */
		04204D291CD5204300F744CD /* Build configuration list for PBXProject "微信电话本(纯代码版)" */ = {
			isa = XCConfigurationList;
			buildConfigurations = (
				04204D431CD5204400F744CD /* Debug */,
				04204D441CD5204400F744CD /* Release */,
			);
			defaultConfigurationIsVisible = 0;
			defaultConfigurationName = Release;
		};
		04204D451CD5204400F744CD /* Build configuration list for PBXNativeTarget "微信电话本(纯代码版)" */ = {
			isa = XCConfigurationList;
			buildConfigurations = (
				04204D461CD5204400F744CD /* Debug */,
				04204D471CD5204400F744CD /* Release */,
			);
			defaultConfigurationIsVisible = 0;
			defaultConfigurationName = Release;
		};
/* End XCConfigurationList section */
	};
	rootObject = 04204D261CD5204300F744CD /* Project object */;
}
